# This file is automatically @generated by Cargo.
# It is not intended for manual editing.
[[package]]
name = "day2"
version = "0.1.0"
dependencies = [
 "levenshtein 1.0.4 (registry+https://github.com/rust-lang/crates.io-index)",
]

[[package]]
name = "levenshtein"
version = "1.0.4"
source = "registry+https://github.com/rust-lang/crates.io-index"

[metadata]
"checksum levenshtein 1.0.4 (registry+https://github.com/rust-lang/crates.io-index)" = "66189c12161c65c0023ceb53e2fccc0013311bcb36a7cbd0f9c5e938b408ac96"
